PODS:
  - Capacitor (5.5.1):
    - CapacitorCordova
  - CapacitorBrowser (5.1.0):
    - Capacitor
  - CapacitorCordova (5.5.1)
  - CapacitorPluginSafeArea (2.0.5):
    - Capacitor

DEPENDENCIES:
  - "Capacitor (from `../../node_modules/@capacitor/ios`)"
  - "CapacitorBrowser (from `../../node_modules/@capacitor/browser`)"
  - "CapacitorCordova (from `../../node_modules/@capacitor/ios`)"
  - CapacitorPluginSafeArea (from `../../node_modules/capacitor-plugin-safe-area`)

EXTERNAL SOURCES:
  Capacitor:
    :path: "../../node_modules/@capacitor/ios"
  CapacitorBrowser:
    :path: "../../node_modules/@capacitor/browser"
  CapacitorCordova:
    :path: "../../node_modules/@capacitor/ios"
  CapacitorPluginSafeArea:
    :path: "../../node_modules/capacitor-plugin-safe-area"

SPEC CHECKSUMS:
  Capacitor: 9da0a2415e3b6098511f8b5ffdb578d91ee79f8f
  CapacitorBrowser: 7a0fb6a1011abfaaf2dfedfd8248f942a8eda3d6
  CapacitorCordova: e128cc7688c070ca0bfa439898a5f609da8dbcfe
  CapacitorPluginSafeArea: bfdd714827dbd89fb44fea286beec996e1b0c5c4

PODFILE CHECKSUM: 371b852f4d0c2656af5bc852d7ce9efecdcbdc28

COCOAPODS: 1.14.1
